# This file is automatically @generated by Cargo.
# It is not intended for manual editing.
version = 3

[[package]]
name = "adapter"
version = "0.1.0"

[[package]]
name = "app"
version = "0.1.0"

[[package]]
name = "driver"
version = "0.1.0"

[[package]]
name = "kernel"
version = "0.1.0"

[[package]]
name = "order"
version = "0.1.0"
dependencies = [
 "adapter",
 "app",
 "driver",
 "kernel",
]
